383f6be51df0c42ecf81043c78c7807fcf7dc5ddc72f71a6531a3f5b07198b63  contracts/openapi/v1.yaml
b72ef299da28af5a639aa0dc6e565317397f407f357960ae1e0381004f7891f4  contracts/conformance/operations.generated.yaml
936dea5b486d4428f287ca7026933bbc9a6295124ceaddba8c2ef33422e7b1d0  contracts/conformance/cases/errors.yaml
b09bd4e8266091aa2039ace26f86ec28703139131a90945574acb2718ac8530b  contracts/conformance/cases/operations.yaml
8886af7e5f0268a141b553b44c529398ca4fc6bc03f03b20be7abd63ef1a72c3  contracts/conformance/cases/semantics.yaml
